
Microsoft Visual Studio Solution File, Format Version 12.00
# Visual Studio Version 16
VisualStudioVersion = 16.0.31205.134
MinimumVisualStudioVersion = 10.0.40219.1
Project("{FAE04EC0-301F-11D3-BF4B-00C04F79EFBC}") = "player", "player\player.csproj", "{7B1E4052-24F0-40CD-B4D8-FD0F06ABDDFB}"
EndProject
Global
	GlobalSection(SolutionConfigurationPlatforms) = preSolution
		Debug|Any CPU = Debug|Any CPU
		Release|Any CPU = Release|Any CPU
	EndGlobalSection
	GlobalSection(ProjectConfigurationPlatforms) = postSolution
		{7B1E4052-24F0-40CD-B4D8-FD0F06ABDDFB}.Debug|Any CPU.ActiveCfg = Debug|Any CPU
		{7B1E4052-24F0-40CD-B4D8-FD0F06ABDDFB}.Debug|Any CPU.Build.0 = Debug|Any CPU
		{7B1E4052-24F0-40CD-B4D8-FD0F06ABDDFB}.Release|Any CPU.ActiveCfg = Release|Any CPU
		{7B1E4052-24F0-40CD-B4D8-FD0F06ABDDFB}.Release|Any CPU.Build.0 = Release|Any CPU
	EndGlobalSection
	GlobalSection(SolutionProperties) = preSolution
		HideSolutionNode = FALSE
	EndGlobalSection
	GlobalSection(ExtensibilityGlobals) = postSolution
		SolutionGuid = {7B7040D3-9714-45F5-B9AA-4C113026BF8C}
	EndGlobalSection
EndGlobal
